
Microsoft Visual Studio Solution File, Format Version 12.00
# Visual Studio Version 17
VisualStudioVersion = 17.4.33213.308
MinimumVisualStudioVersion = 10.0.40219.1
Project("{FAE04EC0-301F-11D3-BF4B-00C04F79EFBC}") = "Cedula", "Cedula\Cedula.csproj", "{90CB44AD-D901-4D62-88F2-83926EF4D090}"
EndProject
Global
	GlobalSection(SolutionConfigurationPlatforms) = preSolution
		Debug|Any CPU = Debug|Any CPU
		Release|Any CPU = Release|Any CPU
	EndGlobalSection
	GlobalSection(ProjectConfigurationPlatforms) = postSolution
		{90CB44AD-D901-4D62-88F2-83926EF4D090}.Debug|Any CPU.ActiveCfg = Debug|Any CPU
		{90CB44AD-D901-4D62-88F2-83926EF4D090}.Debug|Any CPU.Build.0 = Debug|Any CPU
		{90CB44AD-D901-4D62-88F2-83926EF4D090}.Release|Any CPU.ActiveCfg = Release|Any CPU
		{90CB44AD-D901-4D62-88F2-83926EF4D090}.Release|Any CPU.Build.0 = Release|Any CPU
	EndGlobalSection
	GlobalSection(SolutionProperties) = preSolution
		HideSolutionNode = FALSE
	EndGlobalSection
	GlobalSection(ExtensibilityGlobals) = postSolution
		SolutionGuid = {D6893EC3-C993-4C5C-8C5F-C55310CB4AD5}
	EndGlobalSection
EndGlobal
