
Microsoft Visual Studio Solution File, Format Version 12.00
# Visual Studio Version 17
VisualStudioVersion = 17.4.33213.308
MinimumVisualStudioVersion = 10.0.40219.1
Project("{FAE04EC0-301F-11D3-BF4B-00C04F79EFBC}") = "Modeladoorientadoobjetos", "Modeladoorientadoobjetos\Modeladoorientadoobjetos.csproj", "{1749A6C1-C26A-4CFF-8044-6CAC625D835D}"
EndProject
Global
	GlobalSection(SolutionConfigurationPlatforms) = preSolution
		Debug|Any CPU = Debug|Any CPU
		Release|Any CPU = Release|Any CPU
	EndGlobalSection
	GlobalSection(ProjectConfigurationPlatforms) = postSolution
		{1749A6C1-C26A-4CFF-8044-6CAC625D835D}.Debug|Any CPU.ActiveCfg = Debug|Any CPU
		{1749A6C1-C26A-4CFF-8044-6CAC625D835D}.Debug|Any CPU.Build.0 = Debug|Any CPU
		{1749A6C1-C26A-4CFF-8044-6CAC625D835D}.Release|Any CPU.ActiveCfg = Release|Any CPU
		{1749A6C1-C26A-4CFF-8044-6CAC625D835D}.Release|Any CPU.Build.0 = Release|Any CPU
	EndGlobalSection
	GlobalSection(SolutionProperties) = preSolution
		HideSolutionNode = FALSE
	EndGlobalSection
	GlobalSection(ExtensibilityGlobals) = postSolution
		SolutionGuid = {4EA5CE53-0635-4BD9-AD82-7D5B73B319B9}
	EndGlobalSection
EndGlobal
