
Microsoft Visual Studio Solution File, Format Version 12.00
# Visual Studio Version 17
VisualStudioVersion = 17.4.33213.308
MinimumVisualStudioVersion = 10.0.40219.1
Project("{FAE04EC0-301F-11D3-BF4B-00C04F79EFBC}") = "TiendaporDepartamentos", "TiendaporDepartamentos\TiendaporDepartamentos.csproj", "{6F43008E-9D52-4BE8-92DE-3721291FE136}"
EndProject
Global
	GlobalSection(SolutionConfigurationPlatforms) = preSolution
		Debug|Any CPU = Debug|Any CPU
		Release|Any CPU = Release|Any CPU
	EndGlobalSection
	GlobalSection(ProjectConfigurationPlatforms) = postSolution
		{6F43008E-9D52-4BE8-92DE-3721291FE136}.Debug|Any CPU.ActiveCfg = Debug|Any CPU
		{6F43008E-9D52-4BE8-92DE-3721291FE136}.Debug|Any CPU.Build.0 = Debug|Any CPU
		{6F43008E-9D52-4BE8-92DE-3721291FE136}.Release|Any CPU.ActiveCfg = Release|Any CPU
		{6F43008E-9D52-4BE8-92DE-3721291FE136}.Release|Any CPU.Build.0 = Release|Any CPU
	EndGlobalSection
	GlobalSection(SolutionProperties) = preSolution
		HideSolutionNode = FALSE
	EndGlobalSection
	GlobalSection(ExtensibilityGlobals) = postSolution
		SolutionGuid = {C91A014A-0C32-4EA8-8793-3A5582AE2FDC}
	EndGlobalSection
EndGlobal
